
Microsoft Visual Studio Solution File, Format Version 12.00
# Visual Studio Version 16
VisualStudioVersion = 16.0.32602.290
MinimumVisualStudioVersion = 10.0.40219.1
Project("{FAE04EC0-301F-11D3-BF4B-00C04F79EFBC}") = "Tema3-FormularioStackPanel", "Tema3-FormularioStackPanel\Tema3-FormularioStackPanel.csproj", "{7C9B403B-4121-47FB-8BAF-513FEF4E6D60}"
EndProject
Global
	GlobalSection(SolutionConfigurationPlatforms) = preSolution
		Debug|Any CPU = Debug|Any CPU
		Release|Any CPU = Release|Any CPU
	EndGlobalSection
	GlobalSection(ProjectConfigurationPlatforms) = postSolution
		{7C9B403B-4121-47FB-8BAF-513FEF4E6D60}.Debug|Any CPU.ActiveCfg = Debug|Any CPU
		{7C9B403B-4121-47FB-8BAF-513FEF4E6D60}.Debug|Any CPU.Build.0 = Debug|Any CPU
		{7C9B403B-4121-47FB-8BAF-513FEF4E6D60}.Release|Any CPU.ActiveCfg = Release|Any CPU
		{7C9B403B-4121-47FB-8BAF-513FEF4E6D60}.Release|Any CPU.Build.0 = Release|Any CPU
	EndGlobalSection
	GlobalSection(SolutionProperties) = preSolution
		HideSolutionNode = FALSE
	EndGlobalSection
	GlobalSection(ExtensibilityGlobals) = postSolution
		SolutionGuid = {66E48BDA-EC7B-4AA7-AF54-F70E9C6757B8}
	EndGlobalSection
EndGlobal
